// !$*UTF8*$!
{
	archiveVersion = 1;
	classes = {
	};
	objectVersion = 46;
	objects = {

/* Begin PBXBuildFile section */
		B46077001DF01E2100C8472F /* AppDelegate.swift in Sources */ = {isa = PBXBuildFile; fileRef = B46076FF1DF01E2100C8472F /* AppDelegate.swift */; };
		B46077021DF01E2100C8472F /* ViewController.swift in Sources */ = {isa = PBXBuildFile; fileRef = B46077011DF01E2100C8472F /* ViewController.swift */; };
		B46077051DF01E2100C8472F /* Main.storyboard in Resources */ = {isa = PBXBuildFile; fileRef = B46077031DF01E2100C8472F /* Main.storyboard */; };
		B46077071DF01E2100C8472F /* Assets.xcassets in Resources */ = {isa = PBXBuildFile; fileRef = B46077061DF01E2100C8472F /* Assets.xcassets */; };
		B460770A1DF01E2100C8472F /* LaunchScreen.storyboard in Resources */ = {isa = PBXBuildFile; fileRef = B46077081DF01E2100C8472F /* LaunchScreen.storyboard */; };
		B46077151DF01E2200C8472F /* BWiOSProjectFrameworkSwiftTests.swift in Sources */ = {isa = PBXBuildFile; fileRef = B46077141DF01E2200C8472F /* BWiOSProjectFrameworkSwiftTests.swift */; };
		B46077201DF01E2200C8472F /* BWiOSProjectFrameworkSwiftUITests.swift in Sources */ = {isa = PBXBuildFile; fileRef = B460771F1DF01E2200C8472F /* BWiOSProjectFrameworkSwiftUITests.swift */; };
/* End PBXBuildFile section */

/* Begin PBXContainerItemProxy section */
		B46077111DF01E2200C8472F /* PBXContainerItemProxy */ = {
			isa = PBXContainerItemProxy;
			containerPortal = B46076F41DF01E2100C8472F /* Project object */;
			proxyType = 1;
			remoteGlobalIDString = B46076FB1DF01E2100C8472F;
			remoteInfo = BWiOSProjectFrameworkSwift;
		};
		B460771C1DF01E2200C8472F /* PBXContainerItemProxy */ = {
			isa = PBXContainerItemProxy;
			containerPortal = B46076F41DF01E2100C8472F /* Project object */;
			proxyType = 1;
			remoteGlobalIDString = B46076FB1DF01E2100C8472F;
			remoteInfo = BWiOSProjectFrameworkSwift;
		};
/* End PBXContainerItemProxy section */

/* Begin PBXFileReference section */
		B46076FC1DF01E2100C8472F /* BWiOSProjectFrameworkSwift.app */ = {isa = PBXFileReference; explicitFileType = wrapper.application; includeInIndex = 0; path = BWiOSProjectFrameworkSwift.app; sourceTree = BUILT_PRODUCTS_DIR; };
		B46076FF1DF01E2100C8472F /* AppDelegate.swift */ = {isa = PBXFileReference; lastKnownFileType = sourcecode.swift; path = AppDelegate.swift; sourceTree = "<group>"; };
		B46077011DF01E2100C8472F /* ViewController.swift */ = {isa = PBXFileReference; lastKnownFileType = sourcecode.swift; path = ViewController.swift; sourceTree = "<group>"; };
		B46077041DF01E2100C8472F /* Base */ = {isa = PBXFileReference; lastKnownFileType = file.storyboard; name = Base; path = Base.lproj/Main.storyboard; sourceTree = "<group>"; };
		B46077061DF01E2100C8472F /* Assets.xcassets */ = {isa = PBXFileReference; lastKnownFileType = folder.assetcatalog; path = Assets.xcassets; sourceTree = "<group>"; };
		B46077091DF01E2100C8472F /* Base */ = {isa = PBXFileReference; lastKnownFileType = file.storyboard; name = Base; path = Base.lproj/LaunchScreen.storyboard; sourceTree = "<group>"; };
		B460770B1DF01E2100C8472F /* Info.plist */ = {isa = PBXFileReference; lastKnownFileType = text.plist.xml; path = Info.plist; sourceTree = "<group>"; };
		B46077101DF01E2200C8472F /* BWiOSProjectFrameworkSwiftTests.xctest */ = {isa = PBXFileReference; explicitFileType = wrapper.cfbundle; includeInIndex = 0; path = BWiOSProjectFrameworkSwiftTests.xctest; sourceTree = BUILT_PRODUCTS_DIR; };
		B46077141DF01E2200C8472F /* BWiOSProjectFrameworkSwiftTests.swift */ = {isa = PBXFileReference; lastKnownFileType = sourcecode.swift; path = BWiOSProjectFrameworkSwiftTests.swift; sourceTree = "<group>"; };
		B46077161DF01E2200C8472F /* Info.plist */ = {isa = PBXFileReference; lastKnownFileType = text.plist.xml; path = Info.plist; sourceTree = "<group>"; };
		B460771B1DF01E2200C8472F /* BWiOSProjectFrameworkSwiftUITests.xctest */ = {isa = PBXFileReference; explicitFileType = wrapper.cfbundle; includeInIndex = 0; path = BWiOSProjectFrameworkSwiftUITests.xctest; sourceTree = BUILT_PRODUCTS_DIR; };
		B460771F1DF01E2200C8472F /* BWiOSProjectFrameworkSwiftUITests.swift */ = {isa = PBXFileReference; lastKnownFileType = sourcecode.swift; path = BWiOSProjectFrameworkSwiftUITests.swift; sourceTree = "<group>"; };
		B46077211DF01E2200C8472F /* Info.plist */ = {isa = PBXFileReference; lastKnownFileType = text.plist.xml; path = Info.plist; sourceTree = "<group>"; };
/* End PBXFileReference section */

/* Begin PBXFrameworksBuildPhase section */
		B46076F91DF01E2100C8472F /* Frameworks */ = {
			isa = PBXFrameworksBuildPhase;
			buildActionMask = 2147483647;
			files = (
			);
			runOnlyForDeploymentPostprocessing = 0;
		};
		B460770D1DF01E2200C8472F /* Frameworks */ = {
			isa = PBXFrameworksBuildPhase;
			buildActionMask = 2147483647;
			files = (
			);
			runOnlyForDeploymentPostprocessing = 0;
		};
		B46077181DF01E2200C8472F /* Frameworks */ = {
			isa = PBXFrameworksBuildPhase;
			buildActionMask = 2147483647;
			files = (
			);
			runOnlyForDeploymentPostprocessing = 0;
		};
/* End PBXFrameworksBuildPhase section */

/* Begin PBXGroup section */
		B46076F31DF01E2100C8472F = {
			isa = PBXGroup;
			children = (
				B46076FE1DF01E2100C8472F /* BWiOSProjectFrameworkSwift */,
				B46077131DF01E2200C8472F /* BWiOSProjectFrameworkSwiftTests */,
				B460771E1DF01E2200C8472F /* BWiOSProjectFrameworkSwiftUITests */,
				B46076FD1DF01E2100C8472F /* Products */,
			);
			sourceTree = "<group>";
		};
		B46076FD1DF01E2100C8472F /* Products */ = {
			isa = PBXGroup;
			children = (
				B46076FC1DF01E2100C8472F /* BWiOSProjectFrameworkSwift.app */,
				B46077101DF01E2200C8472F /* BWiOSProjectFrameworkSwiftTests.xctest */,
				B460771B1DF01E2200C8472F /* BWiOSProjectFrameworkSwiftUITests.xctest */,
			);
			name = Products;
			sourceTree = "<group>";
		};
		B46076FE1DF01E2100C8472F /* BWiOSProjectFrameworkSwift */ = {
			isa = PBXGroup;
			children = (
				B46076FF1DF01E2100C8472F /* AppDelegate.swift */,
				B46077011DF01E2100C8472F /* ViewController.swift */,
				B46077031DF01E2100C8472F /* Main.storyboard */,
				B46077061DF01E2100C8472F /* Assets.xcassets */,
				B46077081DF01E2100C8472F /* LaunchScreen.storyboard */,
				B460770B1DF01E2100C8472F /* Info.plist */,
			);
			path = BWiOSProjectFrameworkSwift;
			sourceTree = "<group>";
		};
		B46077131DF01E2200C8472F /* BWiOSProjectFrameworkSwiftTests */ = {
			isa = PBXGroup;
			children = (
				B46077141DF01E2200C8472F /* BWiOSProjectFrameworkSwiftTests.swift */,
				B46077161DF01E2200C8472F /* Info.plist */,
			);
			path = BWiOSProjectFrameworkSwiftTests;
			sourceTree = "<group>";
		};
		B460771E1DF01E2200C8472F /* BWiOSProjectFrameworkSwiftUITests */ = {
			isa = PBXGroup;
			children = (
				B460771F1DF01E2200C8472F /* BWiOSProjectFrameworkSwiftUITests.swift */,
				B46077211DF01E2200C8472F /* Info.plist */,
			);
			path = BWiOSProjectFrameworkSwiftUITests;
			sourceTree = "<group>";
		};
/* End PBXGroup section */

/* Begin PBXNativeTarget section */
		B46076FB1DF01E2100C8472F /* BWiOSProjectFrameworkSwift */ = {
			isa = PBXNativeTarget;
			buildConfigurationList = B46077241DF01E2200C8472F /* Build configuration list for PBXNativeTarget "BWiOSProjectFrameworkSwift" */;
			buildPhases = (
				B46076F81DF01E2100C8472F /* Sources */,
				B46076F91DF01E2100C8472F /* Frameworks */,
				B46076FA1DF01E2100C8472F /* Resources */,
			);
			buildRules = (
			);
			dependencies = (
			);
			name = BWiOSProjectFrameworkSwift;
			productName = BWiOSProjectFrameworkSwift;
			productReference = B46076FC1DF01E2100C8472F /* BWiOSProjectFrameworkSwift.app */;
			productType = "com.apple.product-type.application";
		};
		B460770F1DF01E2200C8472F /* BWiOSProjectFrameworkSwiftTests */ = {
			isa = PBXNativeTarget;
			buildConfigurationList = B46077271DF01E2200C8472F /* Build configuration list for PBXNativeTarget "BWiOSProjectFrameworkSwiftTests" */;
			buildPhases = (
				B460770C1DF01E2200C8472F /* Sources */,
				B460770D1DF01E2200C8472F /* Frameworks */,
				B460770E1DF01E2200C8472F /* Resources */,
			);
			buildRules = (
			);
			dependencies = (
				B46077121DF01E2200C8472F /* PBXTargetDependency */,
			);
			name = BWiOSProjectFrameworkSwiftTests;
			productName = BWiOSProjectFrameworkSwiftTests;
			productReference = B46077101DF01E2200C8472F /* BWiOSProjectFrameworkSwiftTests.xctest */;
			productType = "com.apple.product-type.bundle.unit-test";
		};
		B460771A1DF01E2200C8472F /* BWiOSProjectFrameworkSwiftUITests */ = {
			isa = PBXNativeTarget;
			buildConfigurationList = B460772A1DF01E2200C8472F /* Build configuration list for PBXNativeTarget "BWiOSProjectFrameworkSwiftUITests" */;
			buildPhases = (
				B46077171DF01E2200C8472F /* Sources */,
				B46077181DF01E2200C8472F /* Frameworks */,
				B46077191DF01E2200C8472F /* Resources */,
			);
			buildRules = (
			);
			dependencies = (
				B460771D1DF01E2200C8472F /* PBXTargetDependency */,
			);
			name = BWiOSProjectFrameworkSwiftUITests;
			productName = BWiOSProjectFrameworkSwiftUITests;
			productReference = B460771B1DF01E2200C8472F /* BWiOSProjectFrameworkSwiftUITests.xctest */;
			productType = "com.apple.product-type.bundle.ui-testing";
		};
/* End PBXNativeTarget section */

/* Begin PBXProject section */
		B46076F41DF01E2100C8472F /* Project object */ = {
			isa = PBXProject;
			attributes = {
				LastSwiftUpdateCheck = 0800;
				LastUpgradeCheck = 0800;
				ORGANIZATIONNAME = BobWongStudio;
				TargetAttributes = {
					B46076FB1DF01E2100C8472F = {
						CreatedOnToolsVersion = 8.0;
						ProvisioningStyle = Manual;
					};
					B460770F1DF01E2200C8472F = {
						CreatedOnToolsVersion = 8.0;
						DevelopmentTeam = V3E8GUFW32;
						ProvisioningStyle = Automatic;
						TestTargetID = B46076FB1DF01E2100C8472F;
					};
					B460771A1DF01E2200C8472F = {
						CreatedOnToolsVersion = 8.0;
						DevelopmentTeam = V3E8GUFW32;
						ProvisioningStyle = Automatic;
						TestTargetID = B46076FB1DF01E2100C8472F;
					};
				};
			};
			buildConfigurationList = B46076F71DF01E2100C8472F /* Build configuration list for PBXProject "BWiOSProjectFrameworkSwift" */;
			compatibilityVersion = "Xcode 3.2";
			developmentRegion = English;
			hasScannedForEncodings = 0;
			knownRegions = (
				en,
				Base,
			);
			mainGroup = B46076F31DF01E2100C8472F;
			productRefGroup = B46076FD1DF01E2100C8472F /* Products */;
			projectDirPath = "";
			projectRoot = "";
			targets = (
				B46076FB1DF01E2100C8472F /* BWiOSProjectFrameworkSwift */,
				B460770F1DF01E2200C8472F /* BWiOSProjectFrameworkSwiftTests */,
				B460771A1DF01E2200C8472F /* BWiOSProjectFrameworkSwiftUITests */,
			);
		};
/* End PBXProject section */

/* Begin PBXResourcesBuildPhase section */
		B46076FA1DF01E2100C8472F /* Resources */ = {
			isa = PBXResourcesBuildPhase;
			buildActionMask = 2147483647;
			files = (
				B460770A1DF01E2100C8472F /* LaunchScreen.storyboard in Resources */,
				B46077071DF01E2100C8472F /* Assets.xcassets in Resources */,
				B46077051DF01E2100C8472F /* Main.storyboard in Resources */,
			);
			runOnlyForDeploymentPostprocessing = 0;
		};
		B460770E1DF01E2200C8472F /* Resources */ = {
			isa = PBXResourcesBuildPhase;
			buildActionMask = 2147483647;
			files = (
			);
			runOnlyForDeploymentPostprocessing = 0;
		};
		B46077191DF01E2200C8472F /* Resources */ = {
			isa = PBXResourcesBuildPhase;
			buildActionMask = 2147483647;
			files = (
			);
			runOnlyForDeploymentPostprocessing = 0;
		};
/* End PBXResourcesBuildPhase section */

/* Begin PBXSourcesBuildPhase section */
		B46076F81DF01E2100C8472F /* Sources */ = {
			isa = PBXSourcesBuildPhase;
			buildActionMask = 2147483647;
			files = (
				B46077021DF01E2100C8472F /* ViewController.swift in Sources */,
				B46077001DF01E2100C8472F /* AppDelegate.swift in Sources */,
			);
			runOnlyForDeploymentPostprocessing = 0;
		};
		B460770C1DF01E2200C8472F /* Sources */ = {
			isa = PBXSourcesBuildPhase;
			buildActionMask = 2147483647;
			files = (
				B46077151DF01E2200C8472F /* BWiOSProjectFrameworkSwiftTests.swift in Sources */,
			);
			runOnlyForDeploymentPostprocessing = 0;
		};
		B46077171DF01E2200C8472F /* Sources */ = {
			isa = PBXSourcesBuildPhase;
			buildActionMask = 2147483647;
			files = (
				B46077201DF01E2200C8472F /* BWiOSProjectFrameworkSwiftUITests.swift in Sources */,
			);
			runOnlyForDeploymentPostprocessing = 0;
		};
/* End PBXSourcesBuildPhase section */

/* Begin PBXTargetDependency section */
		B46077121DF01E2200C8472F /* PBXTargetDependency */ = {
			isa = PBXTargetDependency;
			target = B46076FB1DF01E2100C8472F /* BWiOSProjectFrameworkSwift */;
			targetProxy = B46077111DF01E2200C8472F /* PBXContainerItemProxy */;
		};
		B460771D1DF01E2200C8472F /* PBXTargetDependency */ = {
			isa = PBXTargetDependency;
			target = B46076FB1DF01E2100C8472F /* BWiOSProjectFrameworkSwift */;
			targetProxy = B460771C1DF01E2200C8472F /* PBXContainerItemProxy */;
		};
/* End PBXTargetDependency section */

/* Begin PBXVariantGroup section */
		B46077031DF01E2100C8472F /* Main.storyboard */ = {
			isa = PBXVariantGroup;
			children = (
				B46077041DF01E2100C8472F /* Base */,
			);
			name = Main.storyboard;
			sourceTree = "<group>";
		};
		B46077081DF01E2100C8472F /* LaunchScreen.storyboard */ = {
			isa = PBXVariantGroup;
			children = (
				B46077091DF01E2100C8472F /* Base */,
			);
			name = LaunchScreen.storyboard;
			sourceTree = "<group>";
		};
/* End PBXVariantGroup section */

/* Begin XCBuildConfiguration section */
		B46077221DF01E2200C8472F /* Debug */ = {
			isa = XCBuildConfiguration;
			buildSettings = {
				ALWAYS_SEARCH_USER_PATHS = NO;
				CLANG_ANALYZER_NONNULL = YES;
				CLANG_CXX_LANGUAGE_STANDARD = "gnu++0x";
				CLANG_CXX_LIBRARY = "libc++";
				CLANG_ENABLE_MODULES = YES;
				CLANG_ENABLE_OBJC_ARC = YES;
				CLANG_WARN_BOOL_CONVERSION = YES;
				CLANG_WARN_CONSTANT_CONVERSION = YES;
				CLANG_WARN_DIRECT_OBJC_ISA_USAGE = YES_ERROR;
				CLANG_WARN_DOCUMENTATION_COMMENTS = YES;
				CLANG_WARN_EMPTY_BODY = YES;
				CLANG_WARN_ENUM_CONVERSION = YES;
				CLANG_WARN_INFINITE_RECURSION = YES;
				CLANG_WARN_INT_CONVERSION = YES;
				CLANG_WARN_OBJC_ROOT_CLASS = YES_ERROR;
				CLANG_WARN_SUSPICIOUS_MOVES = YES;
				CLANG_WARN_UNREACHABLE_CODE = YES;
				CLANG_WARN__DUPLICATE_METHOD_MATCH = YES;
				"CODE_SIGN_IDENTITY[sdk=iphoneos*]" = "iPhone Developer";
				COPY_PHASE_STRIP = NO;
				DEBUG_INFORMATION_FORMAT = dwarf;
				ENABLE_STRICT_OBJC_MSGSEND = YES;
				ENABLE_TESTABILITY = YES;
				GCC_C_LANGUAGE_STANDARD = gnu99;
				GCC_DYNAMIC_NO_PIC = NO;
				GCC_NO_COMMON_BLOCKS = YES;
				GCC_OPTIMIZATION_LEVEL = 0;
				GCC_PREPROCESSOR_DEFINITIONS = (
					"DEBUG=1",
					"$(inherited)",
				);
				GCC_WARN_64_TO_32_BIT_CONVERSION = YES;
				GCC_WARN_ABOUT_RETURN_TYPE = YES_ERROR;
				GCC_WARN_UNDECLARED_SELECTOR = YES;
				GCC_WARN_UNINITIALIZED_AUTOS = YES_AGGRESSIVE;
				GCC_WARN_UNUSED_FUNCTION = YES;
				GCC_WARN_UNUSED_VARIABLE = YES;
				IPHONEOS_DEPLOYMENT_TARGET = 10.0;
				MTL_ENABLE_DEBUG_INFO = YES;
				ONLY_ACTIVE_ARCH = YES;
				SDKROOT = iphoneos;
				SWIFT_ACTIVE_COMPILATION_CONDITIONS = DEBUG;
				SWIFT_OPTIMIZATION_LEVEL = "-Onone";
			};
			name = Debug;
		};
		B46077231DF01E2200C8472F /* Release */ = {
			isa = XCBuildConfiguration;
			buildSettings = {
				ALWAYS_SEARCH_USER_PATHS = NO;
				CLANG_ANALYZER_NONNULL = YES;
				CLANG_CXX_LANGUAGE_STANDARD = "gnu++0x";
				CLANG_CXX_LIBRARY = "libc++";
				CLANG_ENABLE_MODULES = YES;
				CLANG_ENABLE_OBJC_ARC = YES;
				CLANG_WARN_BOOL_CONVERSION = YES;
				CLANG_WARN_CONSTANT_CONVERSION = YES;
				CLANG_WARN_DIRECT_OBJC_ISA_USAGE = YES_ERROR;
				CLANG_WARN_DOCUMENTATION_COMMENTS = YES;
				CLANG_WARN_EMPTY_BODY = YES;
				CLANG_WARN_ENUM_CONVERSION = YES;
				CLANG_WARN_INFINITE_RECURSION = YES;
				CLANG_WARN_INT_CONVERSION = YES;
				CLANG_WARN_OBJC_ROOT_CLASS = YES_ERROR;
				CLANG_WARN_SUSPICIOUS_MOVES = YES;
				CLANG_WARN_UNREACHABLE_CODE = YES;
				CLANG_WARN__DUPLICATE_METHOD_MATCH = YES;
				"CODE_SIGN_IDENTITY[sdk=iphoneos*]" = "iPhone Developer";
				COPY_PHASE_STRIP = NO;
				DEBUG_INFORMATION_FORMAT = "dwarf-with-dsym";
				ENABLE_NS_ASSERTIONS = NO;
				ENABLE_STRICT_OBJC_MSGSEND = YES;
				GCC_C_LANGUAGE_STANDARD = gnu99;
				GCC_NO_COMMON_BLOCKS = YES;
				GCC_WARN_64_TO_32_BIT_CONVERSION = YES;
				GCC_WARN_ABOUT_RETURN_TYPE = YES_ERROR;
				GCC_WARN_UNDECLARED_SELECTOR = YES;
				GCC_WARN_UNINITIALIZED_AUTOS = YES_AGGRESSIVE;
				GCC_WARN_UNUSED_FUNCTION = YES;
				GCC_WARN_UNUSED_VARIABLE = YES;
				IPHONEOS_DEPLOYMENT_TARGET = 10.0;
				MTL_ENABLE_DEBUG_INFO = NO;
				SDKROOT = iphoneos;
				SWIFT_OPTIMIZATION_LEVEL = "-Owholemodule";
				VALIDATE_PRODUCT = YES;
			};
			name = Release;
		};
		B46077251DF01E2200C8472F /* Debug */ = {
			isa = XCBuildConfiguration;
			buildSettings = {
				ASSETCATALOG_COMPILER_APPICON_NAME = AppIcon;
				DEVELOPMENT_TEAM = "";
				INFOPLIST_FILE = BWiOSProjectFrameworkSwift/Info.plist;
				IPHONEOS_DEPLOYMENT_TARGET = 7.0;
				LD_RUNPATH_SEARCH_PATHS = "$(inherited) @executable_path/Frameworks";
				PRODUCT_BUNDLE_IDENTIFIER = com.bws.BWiOSProjectFrameworkSwift;
				PRODUCT_NAME = "$(TARGET_NAME)";
				SWIFT_VERSION = 3.0;
			};
			name = Debug;
		};
		B46077261DF01E2200C8472F /* Release */ = {
			isa = XCBuildConfiguration;
			buildSettings = {
				ASSETCATALOG_COMPILER_APPICON_NAME = AppIcon;
				DEVELOPMENT_TEAM = "";
				INFOPLIST_FILE = BWiOSProjectFrameworkSwift/Info.plist;
				IPHONEOS_DEPLOYMENT_TARGET = 7.0;
				LD_RUNPATH_SEARCH_PATHS = "$(inherited) @executable_path/Frameworks";
				PRODUCT_BUNDLE_IDENTIFIER = com.bws.BWiOSProjectFrameworkSwift;
				PRODUCT_NAME = "$(TARGET_NAME)";
				SWIFT_VERSION = 3.0;
			};
			name = Release;
		};
		B46077281DF01E2200C8472F /* Debug */ = {
			isa = XCBuildConfiguration;
			buildSettings = {
				ALWAYS_EMBED_SWIFT_STANDARD_LIBRARIES = YES;
				BUNDLE_LOADER = "$(TEST_HOST)";
				DEVELOPMENT_TEAM = V3E8GUFW32;
				INFOPLIST_FILE = BWiOSProjectFrameworkSwiftTests/Info.plist;
				LD_RUNPATH_SEARCH_PATHS = "$(inherited) @executable_path/Frameworks @loader_path/Frameworks";
				PRODUCT_BUNDLE_IDENTIFIER = com.bws.BWiOSProjectFrameworkSwiftTests;
				PRODUCT_NAME = "$(TARGET_NAME)";
				SWIFT_VERSION = 3.0;
				TEST_HOST = "$(BUILT_PRODUCTS_DIR)/BWiOSProjectFrameworkSwift.app/BWiOSProjectFrameworkSwift";
			};
			name = Debug;
		};
		B46077291DF01E2200C8472F /* Release */ = {
			isa = XCBuildConfiguration;
			buildSettings = {
				ALWAYS_EMBED_SWIFT_STANDARD_LIBRARIES = YES;
				BUNDLE_LOADER = "$(TEST_HOST)";
				DEVELOPMENT_TEAM = V3E8GUFW32;
				INFOPLIST_FILE = BWiOSProjectFrameworkSwiftTests/Info.plist;
				LD_RUNPATH_SEARCH_PATHS = "$(inherited) @executable_path/Frameworks @loader_path/Frameworks";
				PRODUCT_BUNDLE_IDENTIFIER = com.bws.BWiOSProjectFrameworkSwiftTests;
				PRODUCT_NAME = "$(TARGET_NAME)";
				SWIFT_VERSION = 3.0;
				TEST_HOST = "$(BUILT_PRODUCTS_DIR)/BWiOSProjectFrameworkSwift.app/BWiOSProjectFrameworkSwift";
			};
			name = Release;
		};
		B460772B1DF01E2200C8472F /* Debug */ = {
			isa = XCBuildConfiguration;
			buildSettings = {
				ALWAYS_EMBED_SWIFT_STANDARD_LIBRARIES = YES;
				DEVELOPMENT_TEAM = V3E8GUFW32;
				INFOPLIST_FILE = BWiOSProjectFrameworkSwiftUITests/Info.plist;
				LD_RUNPATH_SEARCH_PATHS = "$(inherited) @executable_path/Frameworks @loader_path/Frameworks";
				PRODUCT_BUNDLE_IDENTIFIER = com.bws.BWiOSProjectFrameworkSwiftUITests;
				PRODUCT_NAME = "$(TARGET_NAME)";
				SWIFT_VERSION = 3.0;
				TEST_TARGET_NAME = BWiOSProjectFrameworkSwift;
			};
			name = Debug;
		};
		B460772C1DF01E2200C8472F /* Release */ = {
			isa = XCBuildConfiguration;
			buildSettings = {
				ALWAYS_EMBED_SWIFT_STANDARD_LIBRARIES = YES;
				DEVELOPMENT_TEAM = V3E8GUFW32;
				INFOPLIST_FILE = BWiOSProjectFrameworkSwiftUITests/Info.plist;
				LD_RUNPATH_SEARCH_PATHS = "$(inherited) @executable_path/Frameworks @loader_path/Frameworks";
				PRODUCT_BUNDLE_IDENTIFIER = com.bws.BWiOSProjectFrameworkSwiftUITests;
				PRODUCT_NAME = "$(TARGET_NAME)";
				SWIFT_VERSION = 3.0;
				TEST_TARGET_NAME = BWiOSProjectFrameworkSwift;
			};
			name = Release;
		};
/* End XCBuildConfiguration section */

/* Begin XCConfigurationList section */
		B46076F71DF01E2100C8472F /* Build configuration list for PBXProject "BWiOSProjectFrameworkSwift" */ = {
			isa = XCConfigurationList;
			buildConfigurations = (
				B46077221DF01E2200C8472F /* Debug */,
				B46077231DF01E2200C8472F /* Release */,
			);
			defaultConfigurationIsVisible = 0;
			defaultConfigurationName = Release;
		};
		B46077241DF01E2200C8472F /* Build configuration list for PBXNativeTarget "BWiOSProjectFrameworkSwift" */ = {
			isa = XCConfigurationList;
			buildConfigurations = (
				B46077251DF01E2200C8472F /* Debug */,
				B46077261DF01E2200C8472F /* Release */,
			);
			defaultConfigurationIsVisible = 0;
		};
		B46077271DF01E2200C8472F /* Build configuration list for PBXNativeTarget "BWiOSProjectFrameworkSwiftTests" */ = {
			isa = XCConfigurationList;
			buildConfigurations = (
				B46077281DF01E2200C8472F /* Debug */,
				B46077291DF01E2200C8472F /* Release */,
			);
			defaultConfigurationIsVisible = 0;
		};
		B460772A1DF01E2200C8472F /* Build configuration list for PBXNativeTarget "BWiOSProjectFrameworkSwiftUITests" */ = {
			isa = XCConfigurationList;
			buildConfigurations = (
				B460772B1DF01E2200C8472F /* Debug */,
				B460772C1DF01E2200C8472F /* Release */,
			);
			defaultConfigurationIsVisible = 0;
		};
/* End XCConfigurationList section */
	};
	rootObject = B46076F41DF01E2100C8472F /* Project object */;
}
