// !$*UTF8*$!
{
	archiveVersion = 1;
	classes = {
	};
	objectVersion = 46;
	objects = {

/* Begin PBXBuildFile section */
		6B12D170E2AF5CAAA4300A57 /* libPods-BWiOSProjectFramework.a in Frameworks */ = {isa = PBXBuildFile; fileRef = 9B030DD35F7493E92CFCCB0C /* libPods-BWiOSProjectFramework.a */; };
		B46076C21DF01DD200C8472F /* main.m in Sources */ = {isa = PBXBuildFile; fileRef = B46076C11DF01DD200C8472F /* main.m */; };
		B46076C51DF01DD200C8472F /* AppDelegate.m in Sources */ = {isa = PBXBuildFile; fileRef = B46076C41DF01DD200C8472F /* AppDelegate.m */; };
		B46076CD1DF01DD200C8472F /* Assets.xcassets in Resources */ = {isa = PBXBuildFile; fileRef = B46076CC1DF01DD200C8472F /* Assets.xcassets */; };
		B46076D01DF01DD200C8472F /* LaunchScreen.storyboard in Resources */ = {isa = PBXBuildFile; fileRef = B46076CE1DF01DD200C8472F /* LaunchScreen.storyboard */; };
		B46076DB1DF01DD200C8472F /* BWiOSProjectFrameworkTests.m in Sources */ = {isa = PBXBuildFile; fileRef = B46076DA1DF01DD200C8472F /* BWiOSProjectFrameworkTests.m */; };
		B46076E61DF01DD200C8472F /* BWiOSProjectFrameworkUITests.m in Sources */ = {isa = PBXBuildFile; fileRef = B46076E51DF01DD200C8472F /* BWiOSProjectFrameworkUITests.m */; };
		B46077411DF01F8000C8472F /* BWHomeViewController.m in Sources */ = {isa = PBXBuildFile; fileRef = B46077401DF01F8000C8472F /* BWHomeViewController.m */; };
		B46077481DF0208500C8472F /* BWGlobal.m in Sources */ = {isa = PBXBuildFile; fileRef = B46077471DF0208500C8472F /* BWGlobal.m */; };
		B460774B1DF0209900C8472F /* NSString+BWExtension.m in Sources */ = {isa = PBXBuildFile; fileRef = B460774A1DF0209900C8472F /* NSString+BWExtension.m */; };
		B460774E1DF0215F00C8472F /* BWString.m in Sources */ = {isa = PBXBuildFile; fileRef = B460774D1DF0215F00C8472F /* BWString.m */; };
		B46077511DF0220800C8472F /* BWHudUtil.m in Sources */ = {isa = PBXBuildFile; fileRef = B46077501DF0220800C8472F /* BWHudUtil.m */; };
		B46077541DF0222300C8472F /* BWUtility.m in Sources */ = {isa = PBXBuildFile; fileRef = B46077531DF0222300C8472F /* BWUtility.m */; };
		B46077571DF0223400C8472F /* BWCustomView.m in Sources */ = {isa = PBXBuildFile; fileRef = B46077561DF0223400C8472F /* BWCustomView.m */; };
		B460775A1DF0225700C8472F /* BWNetworkKit.m in Sources */ = {isa = PBXBuildFile; fileRef = B46077591DF0225700C8472F /* BWNetworkKit.m */; };
		B492E9E41E8E389D00398BAF /* BWBaseViewController.m in Sources */ = {isa = PBXBuildFile; fileRef = B492E9E21E8E389D00398BAF /* BWBaseViewController.m */; };
		B492E9E71E8E394C00398BAF /* BWMeViewController.m in Sources */ = {isa = PBXBuildFile; fileRef = B492E9E61E8E394C00398BAF /* BWMeViewController.m */; };
		D8ED1C30D3F5A727BFB61E75 /* libPods-BWiOSProjectFrameworkUITests.a in Frameworks */ = {isa = PBXBuildFile; fileRef = 1FB40CC4D1C22C504AF8BCC9 /* libPods-BWiOSProjectFrameworkUITests.a */; };
		F928D8B855107EF5A06A5890 /* libPods-BWiOSProjectFrameworkTests.a in Frameworks */ = {isa = PBXBuildFile; fileRef = FB2D46CD1AA5B0DA61B51F28 /* libPods-BWiOSProjectFrameworkTests.a */; };
/* End PBXBuildFile section */

/* Begin PBXContainerItemProxy section */
		B46076D71DF01DD200C8472F /* PBXContainerItemProxy */ = {
			isa = PBXContainerItemProxy;
			containerPortal = B46076B51DF01DD200C8472F /* Project object */;
			proxyType = 1;
			remoteGlobalIDString = B46076BC1DF01DD200C8472F;
			remoteInfo = BWiOSProjectFramework;
		};
		B46076E21DF01DD200C8472F /* PBXContainerItemProxy */ = {
			isa = PBXContainerItemProxy;
			containerPortal = B46076B51DF01DD200C8472F /* Project object */;
			proxyType = 1;
			remoteGlobalIDString = B46076BC1DF01DD200C8472F;
			remoteInfo = BWiOSProjectFramework;
		};
/* End PBXContainerItemProxy section */

/* Begin PBXFileReference section */
		061D7E17770FC722F5572C97 /* Pods-BWiOSProjectFramework.release.xcconfig */ = {isa = PBXFileReference; includeInIndex = 1; lastKnownFileType = text.xcconfig; name = "Pods-BWiOSProjectFramework.release.xcconfig"; path = "Pods/Target Support Files/Pods-BWiOSProjectFramework/Pods-BWiOSProjectFramework.release.xcconfig"; sourceTree = "<group>"; };
		1FB40CC4D1C22C504AF8BCC9 /* libPods-BWiOSProjectFrameworkUITests.a */ = {isa = PBXFileReference; explicitFileType = archive.ar; includeInIndex = 0; path = "libPods-BWiOSProjectFrameworkUITests.a"; sourceTree = BUILT_PRODUCTS_DIR; };
		5031CC25760E7852DC11EAA0 /* Pods-BWiOSProjectFrameworkUITests.debug.xcconfig */ = {isa = PBXFileReference; includeInIndex = 1; lastKnownFileType = text.xcconfig; name = "Pods-BWiOSProjectFrameworkUITests.debug.xcconfig"; path = "Pods/Target Support Files/Pods-BWiOSProjectFrameworkUITests/Pods-BWiOSProjectFrameworkUITests.debug.xcconfig"; sourceTree = "<group>"; };
		7DE7457D4E6B7BF8ED2F07B6 /* Pods-BWiOSProjectFrameworkTests.debug.xcconfig */ = {isa = PBXFileReference; includeInIndex = 1; lastKnownFileType = text.xcconfig; name = "Pods-BWiOSProjectFrameworkTests.debug.xcconfig"; path = "Pods/Target Support Files/Pods-BWiOSProjectFrameworkTests/Pods-BWiOSProjectFrameworkTests.debug.xcconfig"; sourceTree = "<group>"; };
		8A368578483F7606B25A6AAF /* Pods-BWiOSProjectFramework.debug.xcconfig */ = {isa = PBXFileReference; includeInIndex = 1; lastKnownFileType = text.xcconfig; name = "Pods-BWiOSProjectFramework.debug.xcconfig"; path = "Pods/Target Support Files/Pods-BWiOSProjectFramework/Pods-BWiOSProjectFramework.debug.xcconfig"; sourceTree = "<group>"; };
		94A58125981BAE45307E12C0 /* Pods-BWiOSProjectFrameworkUITests.release.xcconfig */ = {isa = PBXFileReference; includeInIndex = 1; lastKnownFileType = text.xcconfig; name = "Pods-BWiOSProjectFrameworkUITests.release.xcconfig"; path = "Pods/Target Support Files/Pods-BWiOSProjectFrameworkUITests/Pods-BWiOSProjectFrameworkUITests.release.xcconfig"; sourceTree = "<group>"; };
		9B030DD35F7493E92CFCCB0C /* libPods-BWiOSProjectFramework.a */ = {isa = PBXFileReference; explicitFileType = archive.ar; includeInIndex = 0; path = "libPods-BWiOSProjectFramework.a"; sourceTree = BUILT_PRODUCTS_DIR; };
		B46076BD1DF01DD200C8472F /* BWiOSProjectFramework.app */ = {isa = PBXFileReference; explicitFileType = wrapper.application; includeInIndex = 0; path = BWiOSProjectFramework.app; sourceTree = BUILT_PRODUCTS_DIR; };
		B46076C11DF01DD200C8472F /* main.m */ = {isa = PBXFileReference; lastKnownFileType = sourcecode.c.objc; path = main.m; sourceTree = "<group>"; };
		B46076C31DF01DD200C8472F /* AppDelegate.h */ = {isa = PBXFileReference; lastKnownFileType = sourcecode.c.h; path = AppDelegate.h; sourceTree = "<group>"; };
		B46076C41DF01DD200C8472F /* AppDelegate.m */ = {isa = PBXFileReference; lastKnownFileType = sourcecode.c.objc; path = AppDelegate.m; sourceTree = "<group>"; };
		B46076CC1DF01DD200C8472F /* Assets.xcassets */ = {isa = PBXFileReference; lastKnownFileType = folder.assetcatalog; path = Assets.xcassets; sourceTree = "<group>"; };
		B46076CF1DF01DD200C8472F /* Base */ = {isa = PBXFileReference; lastKnownFileType = file.storyboard; name = Base; path = Base.lproj/LaunchScreen.storyboard; sourceTree = "<group>"; };
		B46076D11DF01DD200C8472F /* Info.plist */ = {isa = PBXFileReference; lastKnownFileType = text.plist.xml; path = Info.plist; sourceTree = "<group>"; };
		B46076D61DF01DD200C8472F /* BWiOSProjectFrameworkTests.xctest */ = {isa = PBXFileReference; explicitFileType = wrapper.cfbundle; includeInIndex = 0; path = BWiOSProjectFrameworkTests.xctest; sourceTree = BUILT_PRODUCTS_DIR; };
		B46076DA1DF01DD200C8472F /* BWiOSProjectFrameworkTests.m */ = {isa = PBXFileReference; lastKnownFileType = sourcecode.c.objc; path = BWiOSProjectFrameworkTests.m; sourceTree = "<group>"; };
		B46076DC1DF01DD200C8472F /* Info.plist */ = {isa = PBXFileReference; lastKnownFileType = text.plist.xml; path = Info.plist; sourceTree = "<group>"; };
		B46076E11DF01DD200C8472F /* BWiOSProjectFrameworkUITests.xctest */ = {isa = PBXFileReference; explicitFileType = wrapper.cfbundle; includeInIndex = 0; path = BWiOSProjectFrameworkUITests.xctest; sourceTree = BUILT_PRODUCTS_DIR; };
		B46076E51DF01DD200C8472F /* BWiOSProjectFrameworkUITests.m */ = {isa = PBXFileReference; lastKnownFileType = sourcecode.c.objc; path = BWiOSProjectFrameworkUITests.m; sourceTree = "<group>"; };
		B46076E71DF01DD200C8472F /* Info.plist */ = {isa = PBXFileReference; lastKnownFileType = text.plist.xml; path = Info.plist; sourceTree = "<group>"; };
		B460773F1DF01F8000C8472F /* BWHomeViewController.h */ = {isa = PBXFileReference; fileEncoding = 4; lastKnownFileType = sourcecode.c.h; path = BWHomeViewController.h; sourceTree = "<group>"; };
		B46077401DF01F8000C8472F /* BWHomeViewController.m */ = {isa = PBXFileReference; fileEncoding = 4; lastKnownFileType = sourcecode.c.objc; path = BWHomeViewController.m; sourceTree = "<group>"; };
		B46077421DF01F9000C8472F /* BWiOSProjectFramework.pch */ = {isa = PBXFileReference; lastKnownFileType = sourcecode.c.h; path = BWiOSProjectFramework.pch; sourceTree = "<group>"; };
		B46077441DF0206F00C8472F /* Document */ = {isa = PBXFileReference; fileEncoding = 4; lastKnownFileType = text; path = Document; sourceTree = "<group>"; };
		B46077461DF0208500C8472F /* BWGlobal.h */ = {isa = PBXFileReference; fileEncoding = 4; lastKnownFileType = sourcecode.c.h; path = BWGlobal.h; sourceTree = "<group>"; };
		B46077471DF0208500C8472F /* BWGlobal.m */ = {isa = PBXFileReference; fileEncoding = 4; lastKnownFileType = sourcecode.c.objc; path = BWGlobal.m; sourceTree = "<group>"; };
		B46077491DF0209900C8472F /* NSString+BWExtension.h */ = {isa = PBXFileReference; fileEncoding = 4; lastKnownFileType = sourcecode.c.h; path = "NSString+BWExtension.h"; sourceTree = "<group>"; };
		B460774A1DF0209900C8472F /* NSString+BWExtension.m */ = {isa = PBXFileReference; fileEncoding = 4; lastKnownFileType = sourcecode.c.objc; path = "NSString+BWExtension.m"; sourceTree = "<group>"; };
		B460774C1DF0215F00C8472F /* BWString.h */ = {isa = PBXFileReference; fileEncoding = 4; lastKnownFileType = sourcecode.c.h; path = BWString.h; sourceTree = "<group>"; };
		B460774D1DF0215F00C8472F /* BWString.m */ = {isa = PBXFileReference; fileEncoding = 4; lastKnownFileType = sourcecode.c.objc; path = BWString.m; sourceTree = "<group>"; };
		B460774F1DF0220800C8472F /* BWHudUtil.h */ = {isa = PBXFileReference; fileEncoding = 4; lastKnownFileType = sourcecode.c.h; path = BWHudUtil.h; sourceTree = "<group>"; };
		B46077501DF0220800C8472F /* BWHudUtil.m */ = {isa = PBXFileReference; fileEncoding = 4; lastKnownFileType = sourcecode.c.objc; path = BWHudUtil.m; sourceTree = "<group>"; };
		B46077521DF0222300C8472F /* BWUtility.h */ = {isa = PBXFileReference; fileEncoding = 4; lastKnownFileType = sourcecode.c.h; path = BWUtility.h; sourceTree = "<group>"; };
		B46077531DF0222300C8472F /* BWUtility.m */ = {isa = PBXFileReference; fileEncoding = 4; lastKnownFileType = sourcecode.c.objc; path = BWUtility.m; sourceTree = "<group>"; };
		B46077551DF0223400C8472F /* BWCustomView.h */ = {isa = PBXFileReference; fileEncoding = 4; lastKnownFileType = sourcecode.c.h; path = BWCustomView.h; sourceTree = "<group>"; };
		B46077561DF0223400C8472F /* BWCustomView.m */ = {isa = PBXFileReference; fileEncoding = 4; lastKnownFileType = sourcecode.c.objc; path = BWCustomView.m; sourceTree = "<group>"; };
		B46077581DF0225700C8472F /* BWNetworkKit.h */ = {isa = PBXFileReference; fileEncoding = 4; lastKnownFileType = sourcecode.c.h; path = BWNetworkKit.h; sourceTree = "<group>"; };
		B46077591DF0225700C8472F /* BWNetworkKit.m */ = {isa = PBXFileReference; fileEncoding = 4; lastKnownFileType = sourcecode.c.objc; path = BWNetworkKit.m; sourceTree = "<group>"; };
		B460775B1DF0226400C8472F /* BWNetworkConfigure.h */ = {isa = PBXFileReference; lastKnownFileType = sourcecode.c.h; path = BWNetworkConfigure.h; sourceTree = "<group>"; };
		B460775C1DF0228300C8472F /* Library */ = {isa = PBXFileReference; fileEncoding = 4; lastKnownFileType = text; path = Library; sourceTree = "<group>"; };
		B460775E1DF0229200C8472F /* Image */ = {isa = PBXFileReference; fileEncoding = 4; lastKnownFileType = text; path = Image; sourceTree = "<group>"; };
		B46077601DF0237A00C8472F /* BWMacroDefinition.h */ = {isa = PBXFileReference; lastKnownFileType = sourcecode.c.h; path = BWMacroDefinition.h; sourceTree = "<group>"; };
		B489ACB21E9E091700F7C37E /* BWiOSProjectFramework.entitlements */ = {isa = PBXFileReference; lastKnownFileType = text.plist.entitlements; path = BWiOSProjectFramework.entitlements; sourceTree = "<group>"; };
		B492E9E11E8E389D00398BAF /* BWBaseViewController.h */ = {isa = PBXFileReference; fileEncoding = 4; lastKnownFileType = sourcecode.c.h; path = BWBaseViewController.h; sourceTree = "<group>"; };
		B492E9E21E8E389D00398BAF /* BWBaseViewController.m */ = {isa = PBXFileReference; fileEncoding = 4; lastKnownFileType = sourcecode.c.objc; path = BWBaseViewController.m; sourceTree = "<group>"; };
		B492E9E51E8E394C00398BAF /* BWMeViewController.h */ = {isa = PBXFileReference; fileEncoding = 4; lastKnownFileType = sourcecode.c.h; path = BWMeViewController.h; sourceTree = "<group>"; };
		B492E9E61E8E394C00398BAF /* BWMeViewController.m */ = {isa = PBXFileReference; fileEncoding = 4; lastKnownFileType = sourcecode.c.objc; path = BWMeViewController.m; sourceTree = "<group>"; };
		B492E9E81E8E3AC000398BAF /* BWGlobalConfigure.h */ = {isa = PBXFileReference; lastKnownFileType = sourcecode.c.h; path = BWGlobalConfigure.h; sourceTree = "<group>"; };
		E638728DEB80F6C40663ECA1 /* Pods-BWiOSProjectFrameworkTests.release.xcconfig */ = {isa = PBXFileReference; includeInIndex = 1; lastKnownFileType = text.xcconfig; name = "Pods-BWiOSProjectFrameworkTests.release.xcconfig"; path = "Pods/Target Support Files/Pods-BWiOSProjectFrameworkTests/Pods-BWiOSProjectFrameworkTests.release.xcconfig"; sourceTree = "<group>"; };
		FB2D46CD1AA5B0DA61B51F28 /* libPods-BWiOSProjectFrameworkTests.a */ = {isa = PBXFileReference; explicitFileType = archive.ar; includeInIndex = 0; path = "libPods-BWiOSProjectFrameworkTests.a"; sourceTree = BUILT_PRODUCTS_DIR; };
/* End PBXFileReference section */

/* Begin PBXFrameworksBuildPhase section */
		B46076BA1DF01DD200C8472F /* Frameworks */ = {
			isa = PBXFrameworksBuildPhase;
			buildActionMask = 2147483647;
			files = (
				6B12D170E2AF5CAAA4300A57 /* libPods-BWiOSProjectFramework.a in Frameworks */,
			);
			runOnlyForDeploymentPostprocessing = 0;
		};
		B46076D31DF01DD200C8472F /* Frameworks */ = {
			isa = PBXFrameworksBuildPhase;
			buildActionMask = 2147483647;
			files = (
				F928D8B855107EF5A06A5890 /* libPods-BWiOSProjectFrameworkTests.a in Frameworks */,
			);
			runOnlyForDeploymentPostprocessing = 0;
		};
		B46076DE1DF01DD200C8472F /* Frameworks */ = {
			isa = PBXFrameworksBuildPhase;
			buildActionMask = 2147483647;
			files = (
				D8ED1C30D3F5A727BFB61E75 /* libPods-BWiOSProjectFrameworkUITests.a in Frameworks */,
			);
			runOnlyForDeploymentPostprocessing = 0;
		};
/* End PBXFrameworksBuildPhase section */

/* Begin PBXGroup section */
		7BE9401A359C5C8FB07BE585 /* Frameworks */ = {
			isa = PBXGroup;
			children = (
				9B030DD35F7493E92CFCCB0C /* libPods-BWiOSProjectFramework.a */,
				FB2D46CD1AA5B0DA61B51F28 /* libPods-BWiOSProjectFrameworkTests.a */,
				1FB40CC4D1C22C504AF8BCC9 /* libPods-BWiOSProjectFrameworkUITests.a */,
			);
			name = Frameworks;
			sourceTree = "<group>";
		};
		A33134104910D4A98792EC4B /* Pods */ = {
			isa = PBXGroup;
			children = (
				8A368578483F7606B25A6AAF /* Pods-BWiOSProjectFramework.debug.xcconfig */,
				061D7E17770FC722F5572C97 /* Pods-BWiOSProjectFramework.release.xcconfig */,
				7DE7457D4E6B7BF8ED2F07B6 /* Pods-BWiOSProjectFrameworkTests.debug.xcconfig */,
				E638728DEB80F6C40663ECA1 /* Pods-BWiOSProjectFrameworkTests.release.xcconfig */,
				5031CC25760E7852DC11EAA0 /* Pods-BWiOSProjectFrameworkUITests.debug.xcconfig */,
				94A58125981BAE45307E12C0 /* Pods-BWiOSProjectFrameworkUITests.release.xcconfig */,
			);
			name = Pods;
			sourceTree = "<group>";
		};
		B46076B41DF01DD200C8472F = {
			isa = PBXGroup;
			children = (
				B46076BF1DF01DD200C8472F /* BWiOSProjectFramework */,
				B46076D91DF01DD200C8472F /* BWiOSProjectFrameworkTests */,
				B46076E41DF01DD200C8472F /* BWiOSProjectFrameworkUITests */,
				B46076BE1DF01DD200C8472F /* Products */,
				A33134104910D4A98792EC4B /* Pods */,
				7BE9401A359C5C8FB07BE585 /* Frameworks */,
			);
			sourceTree = "<group>";
		};
		B46076BE1DF01DD200C8472F /* Products */ = {
			isa = PBXGroup;
			children = (
				B46076BD1DF01DD200C8472F /* BWiOSProjectFramework.app */,
				B46076D61DF01DD200C8472F /* BWiOSProjectFrameworkTests.xctest */,
				B46076E11DF01DD200C8472F /* BWiOSProjectFrameworkUITests.xctest */,
			);
			name = Products;
			sourceTree = "<group>";
		};
		B46076BF1DF01DD200C8472F /* BWiOSProjectFramework */ = {
			isa = PBXGroup;
			children = (
				B489ACB21E9E091700F7C37E /* BWiOSProjectFramework.entitlements */,
				B46076C31DF01DD200C8472F /* AppDelegate.h */,
				B46076C41DF01DD200C8472F /* AppDelegate.m */,
				B46077331DF01F4500C8472F /* Document */,
				B46077361DF01F4500C8472F /* MVC */,
				B46077341DF01F4500C8472F /* Global */,
				B460772D1DF01F4500C8472F /* Common */,
				B46077391DF01F4500C8472F /* Network */,
				B46077351DF01F4500C8472F /* Library */,
				B460773A1DF01F4500C8472F /* Resource */,
				B46076CC1DF01DD200C8472F /* Assets.xcassets */,
				B46076C01DF01DD200C8472F /* Supporting Files */,
			);
			path = BWiOSProjectFramework;
			sourceTree = "<group>";
		};
		B46076C01DF01DD200C8472F /* Supporting Files */ = {
			isa = PBXGroup;
			children = (
				B46076C11DF01DD200C8472F /* main.m */,
				B46076D11DF01DD200C8472F /* Info.plist */,
				B46076CE1DF01DD200C8472F /* LaunchScreen.storyboard */,
				B46077421DF01F9000C8472F /* BWiOSProjectFramework.pch */,
			);
			name = "Supporting Files";
			sourceTree = "<group>";
		};
		B46076D91DF01DD200C8472F /* BWiOSProjectFrameworkTests */ = {
			isa = PBXGroup;
			children = (
				B46076DA1DF01DD200C8472F /* BWiOSProjectFrameworkTests.m */,
				B46076DC1DF01DD200C8472F /* Info.plist */,
			);
			path = BWiOSProjectFrameworkTests;
			sourceTree = "<group>";
		};
		B46076E41DF01DD200C8472F /* BWiOSProjectFrameworkUITests */ = {
			isa = PBXGroup;
			children = (
				B46076E51DF01DD200C8472F /* BWiOSProjectFrameworkUITests.m */,
				B46076E71DF01DD200C8472F /* Info.plist */,
			);
			path = BWiOSProjectFrameworkUITests;
			sourceTree = "<group>";
		};
		B460772D1DF01F4500C8472F /* Common */ = {
			isa = PBXGroup;
			children = (
				B460772E1DF01F4500C8472F /* Category */,
				B460772F1DF01F4500C8472F /* Class */,
				B46077311DF01F4500C8472F /* Utility */,
				B46077321DF01F4500C8472F /* View */,
			);
			path = Common;
			sourceTree = "<group>";
		};
		B460772E1DF01F4500C8472F /* Category */ = {
			isa = PBXGroup;
			children = (
				B46077491DF0209900C8472F /* NSString+BWExtension.h */,
				B460774A1DF0209900C8472F /* NSString+BWExtension.m */,
			);
			path = Category;
			sourceTree = "<group>";
		};
		B460772F1DF01F4500C8472F /* Class */ = {
			isa = PBXGroup;
			children = (
				B460774C1DF0215F00C8472F /* BWString.h */,
				B460774D1DF0215F00C8472F /* BWString.m */,
			);
			path = Class;
			sourceTree = "<group>";
		};
		B46077311DF01F4500C8472F /* Utility */ = {
			isa = PBXGroup;
			children = (
				B46077521DF0222300C8472F /* BWUtility.h */,
				B46077531DF0222300C8472F /* BWUtility.m */,
				B460774F1DF0220800C8472F /* BWHudUtil.h */,
				B46077501DF0220800C8472F /* BWHudUtil.m */,
			);
			path = Utility;
			sourceTree = "<group>";
		};
		B46077321DF01F4500C8472F /* View */ = {
			isa = PBXGroup;
			children = (
				B46077551DF0223400C8472F /* BWCustomView.h */,
				B46077561DF0223400C8472F /* BWCustomView.m */,
			);
			path = View;
			sourceTree = "<group>";
		};
		B46077331DF01F4500C8472F /* Document */ = {
			isa = PBXGroup;
			children = (
				B46077441DF0206F00C8472F /* Document */,
			);
			path = Document;
			sourceTree = "<group>";
		};
		B46077341DF01F4500C8472F /* Global */ = {
			isa = PBXGroup;
			children = (
				B46077601DF0237A00C8472F /* BWMacroDefinition.h */,
				B492E9E81E8E3AC000398BAF /* BWGlobalConfigure.h */,
				B46077461DF0208500C8472F /* BWGlobal.h */,
				B46077471DF0208500C8472F /* BWGlobal.m */,
			);
			path = Global;
			sourceTree = "<group>";
		};
		B46077351DF01F4500C8472F /* Library */ = {
			isa = PBXGroup;
			children = (
				B460775C1DF0228300C8472F /* Library */,
			);
			path = Library;
			sourceTree = "<group>";
		};
		B46077361DF01F4500C8472F /* MVC */ = {
			isa = PBXGroup;
			children = (
				B492E9E01E8E389D00398BAF /* Base */,
				B46077381DF01F4500C8472F /* Home */,
				B492E9E31E8E389D00398BAF /* Me */,
			);
			path = MVC;
			sourceTree = "<group>";
		};
		B46077381DF01F4500C8472F /* Home */ = {
			isa = PBXGroup;
			children = (
				B460773F1DF01F8000C8472F /* BWHomeViewController.h */,
				B46077401DF01F8000C8472F /* BWHomeViewController.m */,
			);
			path = Home;
			sourceTree = "<group>";
		};
		B46077391DF01F4500C8472F /* Network */ = {
			isa = PBXGroup;
			children = (
				B460775B1DF0226400C8472F /* BWNetworkConfigure.h */,
				B46077581DF0225700C8472F /* BWNetworkKit.h */,
				B46077591DF0225700C8472F /* BWNetworkKit.m */,
			);
			path = Network;
			sourceTree = "<group>";
		};
		B460773A1DF01F4500C8472F /* Resource */ = {
			isa = PBXGroup;
			children = (
				B460773B1DF01F4500C8472F /* Image */,
			);
			path = Resource;
			sourceTree = "<group>";
		};
		B460773B1DF01F4500C8472F /* Image */ = {
			isa = PBXGroup;
			children = (
				B460775E1DF0229200C8472F /* Image */,
			);
			path = Image;
			sourceTree = "<group>";
		};
		B492E9E01E8E389D00398BAF /* Base */ = {
			isa = PBXGroup;
			children = (
				B492E9E11E8E389D00398BAF /* BWBaseViewController.h */,
				B492E9E21E8E389D00398BAF /* BWBaseViewController.m */,
			);
			path = Base;
			sourceTree = "<group>";
		};
		B492E9E31E8E389D00398BAF /* Me */ = {
			isa = PBXGroup;
			children = (
				B492E9E51E8E394C00398BAF /* BWMeViewController.h */,
				B492E9E61E8E394C00398BAF /* BWMeViewController.m */,
			);
			path = Me;
			sourceTree = "<group>";
		};
/* End PBXGroup section */

/* Begin PBXNativeTarget section */
		B46076BC1DF01DD200C8472F /* BWiOSProjectFramework */ = {
			isa = PBXNativeTarget;
			buildConfigurationList = B46076EA1DF01DD200C8472F /* Build configuration list for PBXNativeTarget "BWiOSProjectFramework" */;
			buildPhases = (
				665E427B384386033BB02E9F /* [CP] Check Pods Manifest.lock */,
				B46076B91DF01DD200C8472F /* Sources */,
				B46076BA1DF01DD200C8472F /* Frameworks */,
				B46076BB1DF01DD200C8472F /* Resources */,
				D79C015F5324534E29FF84CB /* [CP] Embed Pods Frameworks */,
				2126E0AD1B585E167F939D58 /* [CP] Copy Pods Resources */,
			);
			buildRules = (
			);
			dependencies = (
			);
			name = BWiOSProjectFramework;
			productName = BWiOSProjectFramework;
			productReference = B46076BD1DF01DD200C8472F /* BWiOSProjectFramework.app */;
			productType = "com.apple.product-type.application";
		};
		B46076D51DF01DD200C8472F /* BWiOSProjectFrameworkTests */ = {
			isa = PBXNativeTarget;
			buildConfigurationList = B46076ED1DF01DD200C8472F /* Build configuration list for PBXNativeTarget "BWiOSProjectFrameworkTests" */;
			buildPhases = (
				0D089DBF81AB87A4F9D5EFFF /* [CP] Check Pods Manifest.lock */,
				B46076D21DF01DD200C8472F /* Sources */,
				B46076D31DF01DD200C8472F /* Frameworks */,
				B46076D41DF01DD200C8472F /* Resources */,
				918FE9D7CD59F9CE499B31B8 /* [CP] Embed Pods Frameworks */,
				1E352CBDD2DB95609B91E2D1 /* [CP] Copy Pods Resources */,
			);
			buildRules = (
			);
			dependencies = (
				B46076D81DF01DD200C8472F /* PBXTargetDependency */,
			);
			name = BWiOSProjectFrameworkTests;
			productName = BWiOSProjectFrameworkTests;
			productReference = B46076D61DF01DD200C8472F /* BWiOSProjectFrameworkTests.xctest */;
			productType = "com.apple.product-type.bundle.unit-test";
		};
		B46076E01DF01DD200C8472F /* BWiOSProjectFrameworkUITests */ = {
			isa = PBXNativeTarget;
			buildConfigurationList = B46076F01DF01DD200C8472F /* Build configuration list for PBXNativeTarget "BWiOSProjectFrameworkUITests" */;
			buildPhases = (
				8CB819E2D1B790EF351A5064 /* [CP] Check Pods Manifest.lock */,
				B46076DD1DF01DD200C8472F /* Sources */,
				B46076DE1DF01DD200C8472F /* Frameworks */,
				B46076DF1DF01DD200C8472F /* Resources */,
				2B1AC19F70394BA96CCE404C /* [CP] Embed Pods Frameworks */,
				F36CA22DE716B8C7CBFD1022 /* [CP] Copy Pods Resources */,
			);
			buildRules = (
			);
			dependencies = (
				B46076E31DF01DD200C8472F /* PBXTargetDependency */,
			);
			name = BWiOSProjectFrameworkUITests;
			productName = BWiOSProjectFrameworkUITests;
			productReference = B46076E11DF01DD200C8472F /* BWiOSProjectFrameworkUITests.xctest */;
			productType = "com.apple.product-type.bundle.ui-testing";
		};
/* End PBXNativeTarget section */

/* Begin PBXProject section */
		B46076B51DF01DD200C8472F /* Project object */ = {
			isa = PBXProject;
			attributes = {
				LastUpgradeCheck = 0800;
				ORGANIZATIONNAME = BobWongStudio;
				TargetAttributes = {
					B46076BC1DF01DD200C8472F = {
						CreatedOnToolsVersion = 8.0;
						ProvisioningStyle = Manual;
						SystemCapabilities = {
							com.apple.Push = {
								enabled = 1;
							};
						};
					};
					B46076D51DF01DD200C8472F = {
						CreatedOnToolsVersion = 8.0;
						DevelopmentTeam = V3E8GUFW32;
						ProvisioningStyle = Automatic;
						TestTargetID = B46076BC1DF01DD200C8472F;
					};
					B46076E01DF01DD200C8472F = {
						CreatedOnToolsVersion = 8.0;
						DevelopmentTeam = V3E8GUFW32;
						ProvisioningStyle = Automatic;
						TestTargetID = B46076BC1DF01DD200C8472F;
					};
				};
			};
			buildConfigurationList = B46076B81DF01DD200C8472F /* Build configuration list for PBXProject "BWiOSProjectFramework" */;
			compatibilityVersion = "Xcode 3.2";
			developmentRegion = English;
			hasScannedForEncodings = 0;
			knownRegions = (
				en,
				Base,
			);
			mainGroup = B46076B41DF01DD200C8472F;
			productRefGroup = B46076BE1DF01DD200C8472F /* Products */;
			projectDirPath = "";
			projectRoot = "";
			targets = (
				B46076BC1DF01DD200C8472F /* BWiOSProjectFramework */,
				B46076D51DF01DD200C8472F /* BWiOSProjectFrameworkTests */,
				B46076E01DF01DD200C8472F /* BWiOSProjectFrameworkUITests */,
			);
		};
/* End PBXProject section */

/* Begin PBXResourcesBuildPhase section */
		B46076BB1DF01DD200C8472F /* Resources */ = {
			isa = PBXResourcesBuildPhase;
			buildActionMask = 2147483647;
			files = (
				B46076D01DF01DD200C8472F /* LaunchScreen.storyboard in Resources */,
				B46076CD1DF01DD200C8472F /* Assets.xcassets in Resources */,
			);
			runOnlyForDeploymentPostprocessing = 0;
		};
		B46076D41DF01DD200C8472F /* Resources */ = {
			isa = PBXResourcesBuildPhase;
			buildActionMask = 2147483647;
			files = (
			);
			runOnlyForDeploymentPostprocessing = 0;
		};
		B46076DF1DF01DD200C8472F /* Resources */ = {
			isa = PBXResourcesBuildPhase;
			buildActionMask = 2147483647;
			files = (
			);
			runOnlyForDeploymentPostprocessing = 0;
		};
/* End PBXResourcesBuildPhase section */

/* Begin PBXShellScriptBuildPhase section */
		0D089DBF81AB87A4F9D5EFFF /* [CP] Check Pods Manifest.lock */ = {
			isa = PBXShellScriptBuildPhase;
			buildActionMask = 2147483647;
			files = (
			);
			inputPaths = (
			);
			name = "[CP] Check Pods Manifest.lock";
			outputPaths = (
			);
			runOnlyForDeploymentPostprocessing = 0;
			shellPath = /bin/sh;
			shellScript = "diff \"${PODS_ROOT}/../Podfile.lock\" \"${PODS_ROOT}/Manifest.lock\" > /dev/null\nif [ $? != 0 ] ; then\n    # print error to STDERR\n    echo \"error: The sandbox is not in sync with the Podfile.lock. Run 'pod install' or update your CocoaPods installation.\" >&2\n    exit 1\nfi\n";
			showEnvVarsInLog = 0;
		};
		1E352CBDD2DB95609B91E2D1 /* [CP] Copy Pods Resources */ = {
			isa = PBXShellScriptBuildPhase;
			buildActionMask = 2147483647;
			files = (
			);
			inputPaths = (
			);
			name = "[CP] Copy Pods Resources";
			outputPaths = (
			);
			runOnlyForDeploymentPostprocessing = 0;
			shellPath = /bin/sh;
			shellScript = "\"${SRCROOT}/Pods/Target Support Files/Pods-BWiOSProjectFrameworkTests/Pods-BWiOSProjectFrameworkTests-resources.sh\"\n";
			showEnvVarsInLog = 0;
		};
		2126E0AD1B585E167F939D58 /* [CP] Copy Pods Resources */ = {
			isa = PBXShellScriptBuildPhase;
			buildActionMask = 2147483647;
			files = (
			);
			inputPaths = (
			);
			name = "[CP] Copy Pods Resources";
			outputPaths = (
			);
			runOnlyForDeploymentPostprocessing = 0;
			shellPath = /bin/sh;
			shellScript = "\"${SRCROOT}/Pods/Target Support Files/Pods-BWiOSProjectFramework/Pods-BWiOSProjectFramework-resources.sh\"\n";
			showEnvVarsInLog = 0;
		};
		2B1AC19F70394BA96CCE404C /* [CP] Embed Pods Frameworks */ = {
			isa = PBXShellScriptBuildPhase;
			buildActionMask = 2147483647;
			files = (
			);
			inputPaths = (
			);
			name = "[CP] Embed Pods Frameworks";
			outputPaths = (
			);
			runOnlyForDeploymentPostprocessing = 0;
			shellPath = /bin/sh;
			shellScript = "\"${SRCROOT}/Pods/Target Support Files/Pods-BWiOSProjectFrameworkUITests/Pods-BWiOSProjectFrameworkUITests-frameworks.sh\"\n";
			showEnvVarsInLog = 0;
		};
		665E427B384386033BB02E9F /* [CP] Check Pods Manifest.lock */ = {
			isa = PBXShellScriptBuildPhase;
			buildActionMask = 2147483647;
			files = (
			);
			inputPaths = (
			);
			name = "[CP] Check Pods Manifest.lock";
			outputPaths = (
			);
			runOnlyForDeploymentPostprocessing = 0;
			shellPath = /bin/sh;
			shellScript = "diff \"${PODS_ROOT}/../Podfile.lock\" \"${PODS_ROOT}/Manifest.lock\" > /dev/null\nif [ $? != 0 ] ; then\n    # print error to STDERR\n    echo \"error: The sandbox is not in sync with the Podfile.lock. Run 'pod install' or update your CocoaPods installation.\" >&2\n    exit 1\nfi\n";
			showEnvVarsInLog = 0;
		};
		8CB819E2D1B790EF351A5064 /* [CP] Check Pods Manifest.lock */ = {
			isa = PBXShellScriptBuildPhase;
			buildActionMask = 2147483647;
			files = (
			);
			inputPaths = (
			);
			name = "[CP] Check Pods Manifest.lock";
			outputPaths = (
			);
			runOnlyForDeploymentPostprocessing = 0;
			shellPath = /bin/sh;
			shellScript = "diff \"${PODS_ROOT}/../Podfile.lock\" \"${PODS_ROOT}/Manifest.lock\" > /dev/null\nif [ $? != 0 ] ; then\n    # print error to STDERR\n    echo \"error: The sandbox is not in sync with the Podfile.lock. Run 'pod install' or update your CocoaPods installation.\" >&2\n    exit 1\nfi\n";
			showEnvVarsInLog = 0;
		};
		918FE9D7CD59F9CE499B31B8 /* [CP] Embed Pods Frameworks */ = {
			isa = PBXShellScriptBuildPhase;
			buildActionMask = 2147483647;
			files = (
			);
			inputPaths = (
			);
			name = "[CP] Embed Pods Frameworks";
			outputPaths = (
			);
			runOnlyForDeploymentPostprocessing = 0;
			shellPath = /bin/sh;
			shellScript = "\"${SRCROOT}/Pods/Target Support Files/Pods-BWiOSProjectFrameworkTests/Pods-BWiOSProjectFrameworkTests-frameworks.sh\"\n";
			showEnvVarsInLog = 0;
		};
		D79C015F5324534E29FF84CB /* [CP] Embed Pods Frameworks */ = {
			isa = PBXShellScriptBuildPhase;
			buildActionMask = 2147483647;
			files = (
			);
			inputPaths = (
			);
			name = "[CP] Embed Pods Frameworks";
			outputPaths = (
			);
			runOnlyForDeploymentPostprocessing = 0;
			shellPath = /bin/sh;
			shellScript = "\"${SRCROOT}/Pods/Target Support Files/Pods-BWiOSProjectFramework/Pods-BWiOSProjectFramework-frameworks.sh\"\n";
			showEnvVarsInLog = 0;
		};
		F36CA22DE716B8C7CBFD1022 /* [CP] Copy Pods Resources */ = {
			isa = PBXShellScriptBuildPhase;
			buildActionMask = 2147483647;
			files = (
			);
			inputPaths = (
			);
			name = "[CP] Copy Pods Resources";
			outputPaths = (
			);
			runOnlyForDeploymentPostprocessing = 0;
			shellPath = /bin/sh;
			shellScript = "\"${SRCROOT}/Pods/Target Support Files/Pods-BWiOSProjectFrameworkUITests/Pods-BWiOSProjectFrameworkUITests-resources.sh\"\n";
			showEnvVarsInLog = 0;
		};
/* End PBXShellScriptBuildPhase section */

/* Begin PBXSourcesBuildPhase section */
		B46076B91DF01DD200C8472F /* Sources */ = {
			isa = PBXSourcesBuildPhase;
			buildActionMask = 2147483647;
			files = (
				B46077411DF01F8000C8472F /* BWHomeViewController.m in Sources */,
				B46076C51DF01DD200C8472F /* AppDelegate.m in Sources */,
				B46077541DF0222300C8472F /* BWUtility.m in Sources */,
				B492E9E41E8E389D00398BAF /* BWBaseViewController.m in Sources */,
				B46076C21DF01DD200C8472F /* main.m in Sources */,
				B46077481DF0208500C8472F /* BWGlobal.m in Sources */,
				B460774B1DF0209900C8472F /* NSString+BWExtension.m in Sources */,
				B46077571DF0223400C8472F /* BWCustomView.m in Sources */,
				B460774E1DF0215F00C8472F /* BWString.m in Sources */,
				B492E9E71E8E394C00398BAF /* BWMeViewController.m in Sources */,
				B46077511DF0220800C8472F /* BWHudUtil.m in Sources */,
				B460775A1DF0225700C8472F /* BWNetworkKit.m in Sources */,
			);
			runOnlyForDeploymentPostprocessing = 0;
		};
		B46076D21DF01DD200C8472F /* Sources */ = {
			isa = PBXSourcesBuildPhase;
			buildActionMask = 2147483647;
			files = (
				B46076DB1DF01DD200C8472F /* BWiOSProjectFrameworkTests.m in Sources */,
			);
			runOnlyForDeploymentPostprocessing = 0;
		};
		B46076DD1DF01DD200C8472F /* Sources */ = {
			isa = PBXSourcesBuildPhase;
			buildActionMask = 2147483647;
			files = (
				B46076E61DF01DD200C8472F /* BWiOSProjectFrameworkUITests.m in Sources */,
			);
			runOnlyForDeploymentPostprocessing = 0;
		};
/* End PBXSourcesBuildPhase section */

/* Begin PBXTargetDependency section */
		B46076D81DF01DD200C8472F /* PBXTargetDependency */ = {
			isa = PBXTargetDependency;
			target = B46076BC1DF01DD200C8472F /* BWiOSProjectFramework */;
			targetProxy = B46076D71DF01DD200C8472F /* PBXContainerItemProxy */;
		};
		B46076E31DF01DD200C8472F /* PBXTargetDependency */ = {
			isa = PBXTargetDependency;
			target = B46076BC1DF01DD200C8472F /* BWiOSProjectFramework */;
			targetProxy = B46076E21DF01DD200C8472F /* PBXContainerItemProxy */;
		};
/* End PBXTargetDependency section */

/* Begin PBXVariantGroup section */
		B46076CE1DF01DD200C8472F /* LaunchScreen.storyboard */ = {
			isa = PBXVariantGroup;
			children = (
				B46076CF1DF01DD200C8472F /* Base */,
			);
			name = LaunchScreen.storyboard;
			sourceTree = "<group>";
		};
/* End PBXVariantGroup section */

/* Begin XCBuildConfiguration section */
		B46076E81DF01DD200C8472F /* Debug */ = {
			isa = XCBuildConfiguration;
			buildSettings = {
				ALWAYS_SEARCH_USER_PATHS = NO;
				CLANG_ANALYZER_NONNULL = YES;
				CLANG_CXX_LANGUAGE_STANDARD = "gnu++0x";
				CLANG_CXX_LIBRARY = "libc++";
				CLANG_ENABLE_MODULES = YES;
				CLANG_ENABLE_OBJC_ARC = YES;
				CLANG_WARN_BOOL_CONVERSION = YES;
				CLANG_WARN_CONSTANT_CONVERSION = YES;
				CLANG_WARN_DIRECT_OBJC_ISA_USAGE = YES_ERROR;
				CLANG_WARN_DOCUMENTATION_COMMENTS = YES;
				CLANG_WARN_EMPTY_BODY = YES;
				CLANG_WARN_ENUM_CONVERSION = YES;
				CLANG_WARN_INFINITE_RECURSION = YES;
				CLANG_WARN_INT_CONVERSION = YES;
				CLANG_WARN_OBJC_ROOT_CLASS = YES_ERROR;
				CLANG_WARN_SUSPICIOUS_MOVES = YES;
				CLANG_WARN_UNREACHABLE_CODE = YES;
				CLANG_WARN__DUPLICATE_METHOD_MATCH = YES;
				"CODE_SIGN_IDENTITY[sdk=iphoneos*]" = "iPhone Developer";
				COPY_PHASE_STRIP = NO;
				DEBUG_INFORMATION_FORMAT = dwarf;
				ENABLE_STRICT_OBJC_MSGSEND = YES;
				ENABLE_TESTABILITY = YES;
				GCC_C_LANGUAGE_STANDARD = gnu99;
				GCC_DYNAMIC_NO_PIC = NO;
				GCC_NO_COMMON_BLOCKS = YES;
				GCC_OPTIMIZATION_LEVEL = 0;
				GCC_PREPROCESSOR_DEFINITIONS = (
					"DEBUG=1",
					"$(inherited)",
				);
				GCC_WARN_64_TO_32_BIT_CONVERSION = YES;
				GCC_WARN_ABOUT_RETURN_TYPE = YES_ERROR;
				GCC_WARN_UNDECLARED_SELECTOR = YES;
				GCC_WARN_UNINITIALIZED_AUTOS = YES_AGGRESSIVE;
				GCC_WARN_UNUSED_FUNCTION = YES;
				GCC_WARN_UNUSED_VARIABLE = YES;
				IPHONEOS_DEPLOYMENT_TARGET = 10.0;
				MTL_ENABLE_DEBUG_INFO = YES;
				ONLY_ACTIVE_ARCH = YES;
				SDKROOT = iphoneos;
			};
			name = Debug;
		};
		B46076E91DF01DD200C8472F /* Release */ = {
			isa = XCBuildConfiguration;
			buildSettings = {
				ALWAYS_SEARCH_USER_PATHS = NO;
				CLANG_ANALYZER_NONNULL = YES;
				CLANG_CXX_LANGUAGE_STANDARD = "gnu++0x";
				CLANG_CXX_LIBRARY = "libc++";
				CLANG_ENABLE_MODULES = YES;
				CLANG_ENABLE_OBJC_ARC = YES;
				CLANG_WARN_BOOL_CONVERSION = YES;
				CLANG_WARN_CONSTANT_CONVERSION = YES;
				CLANG_WARN_DIRECT_OBJC_ISA_USAGE = YES_ERROR;
				CLANG_WARN_DOCUMENTATION_COMMENTS = YES;
				CLANG_WARN_EMPTY_BODY = YES;
				CLANG_WARN_ENUM_CONVERSION = YES;
				CLANG_WARN_INFINITE_RECURSION = YES;
				CLANG_WARN_INT_CONVERSION = YES;
				CLANG_WARN_OBJC_ROOT_CLASS = YES_ERROR;
				CLANG_WARN_SUSPICIOUS_MOVES = YES;
				CLANG_WARN_UNREACHABLE_CODE = YES;
				CLANG_WARN__DUPLICATE_METHOD_MATCH = YES;
				"CODE_SIGN_IDENTITY[sdk=iphoneos*]" = "iPhone Developer";
				COPY_PHASE_STRIP = NO;
				DEBUG_INFORMATION_FORMAT = "dwarf-with-dsym";
				ENABLE_NS_ASSERTIONS = NO;
				ENABLE_STRICT_OBJC_MSGSEND = YES;
				GCC_C_LANGUAGE_STANDARD = gnu99;
				GCC_NO_COMMON_BLOCKS = YES;
				GCC_WARN_64_TO_32_BIT_CONVERSION = YES;
				GCC_WARN_ABOUT_RETURN_TYPE = YES_ERROR;
				GCC_WARN_UNDECLARED_SELECTOR = YES;
				GCC_WARN_UNINITIALIZED_AUTOS = YES_AGGRESSIVE;
				GCC_WARN_UNUSED_FUNCTION = YES;
				GCC_WARN_UNUSED_VARIABLE = YES;
				IPHONEOS_DEPLOYMENT_TARGET = 10.0;
				MTL_ENABLE_DEBUG_INFO = NO;
				SDKROOT = iphoneos;
				VALIDATE_PRODUCT = YES;
			};
			name = Release;
		};
		B46076EB1DF01DD200C8472F /* Debug */ = {
			isa = XCBuildConfiguration;
			baseConfigurationReference = 8A368578483F7606B25A6AAF /* Pods-BWiOSProjectFramework.debug.xcconfig */;
			buildSettings = {
				ASSETCATALOG_COMPILER_APPICON_NAME = AppIcon;
				CODE_SIGN_ENTITLEMENTS = BWiOSProjectFramework/BWiOSProjectFramework.entitlements;
				DEVELOPMENT_TEAM = "";
				INFOPLIST_FILE = BWiOSProjectFramework/Info.plist;
				IPHONEOS_DEPLOYMENT_TARGET = 7.0;
				LD_RUNPATH_SEARCH_PATHS = "$(inherited) @executable_path/Frameworks";
				PRODUCT_BUNDLE_IDENTIFIER = com.bws.BWiOSProjectFramework;
				PRODUCT_NAME = "$(TARGET_NAME)";
			};
			name = Debug;
		};
		B46076EC1DF01DD200C8472F /* Release */ = {
			isa = XCBuildConfiguration;
			baseConfigurationReference = 061D7E17770FC722F5572C97 /* Pods-BWiOSProjectFramework.release.xcconfig */;
			buildSettings = {
				ASSETCATALOG_COMPILER_APPICON_NAME = AppIcon;
				CODE_SIGN_ENTITLEMENTS = BWiOSProjectFramework/BWiOSProjectFramework.entitlements;
				DEVELOPMENT_TEAM = "";
				INFOPLIST_FILE = BWiOSProjectFramework/Info.plist;
				IPHONEOS_DEPLOYMENT_TARGET = 7.0;
				LD_RUNPATH_SEARCH_PATHS = "$(inherited) @executable_path/Frameworks";
				ONLY_ACTIVE_ARCH = YES;
				PRODUCT_BUNDLE_IDENTIFIER = com.bws.BWiOSProjectFramework;
				PRODUCT_NAME = "$(TARGET_NAME)";
			};
			name = Release;
		};
		B46076EE1DF01DD200C8472F /* Debug */ = {
			isa = XCBuildConfiguration;
			baseConfigurationReference = 7DE7457D4E6B7BF8ED2F07B6 /* Pods-BWiOSProjectFrameworkTests.debug.xcconfig */;
			buildSettings = {
				BUNDLE_LOADER = "$(TEST_HOST)";
				DEVELOPMENT_TEAM = V3E8GUFW32;
				INFOPLIST_FILE = BWiOSProjectFrameworkTests/Info.plist;
				LD_RUNPATH_SEARCH_PATHS = "$(inherited) @executable_path/Frameworks @loader_path/Frameworks";
				PRODUCT_BUNDLE_IDENTIFIER = com.bws.BWiOSProjectFrameworkTests;
				PRODUCT_NAME = "$(TARGET_NAME)";
				TEST_HOST = "$(BUILT_PRODUCTS_DIR)/BWiOSProjectFramework.app/BWiOSProjectFramework";
			};
			name = Debug;
		};
		B46076EF1DF01DD200C8472F /* Release */ = {
			isa = XCBuildConfiguration;
			baseConfigurationReference = E638728DEB80F6C40663ECA1 /* Pods-BWiOSProjectFrameworkTests.release.xcconfig */;
			buildSettings = {
				BUNDLE_LOADER = "$(TEST_HOST)";
				DEVELOPMENT_TEAM = V3E8GUFW32;
				INFOPLIST_FILE = BWiOSProjectFrameworkTests/Info.plist;
				LD_RUNPATH_SEARCH_PATHS = "$(inherited) @executable_path/Frameworks @loader_path/Frameworks";
				PRODUCT_BUNDLE_IDENTIFIER = com.bws.BWiOSProjectFrameworkTests;
				PRODUCT_NAME = "$(TARGET_NAME)";
				TEST_HOST = "$(BUILT_PRODUCTS_DIR)/BWiOSProjectFramework.app/BWiOSProjectFramework";
			};
			name = Release;
		};
		B46076F11DF01DD200C8472F /* Debug */ = {
			isa = XCBuildConfiguration;
			baseConfigurationReference = 5031CC25760E7852DC11EAA0 /* Pods-BWiOSProjectFrameworkUITests.debug.xcconfig */;
			buildSettings = {
				DEVELOPMENT_TEAM = V3E8GUFW32;
				INFOPLIST_FILE = BWiOSProjectFrameworkUITests/Info.plist;
				LD_RUNPATH_SEARCH_PATHS = "$(inherited) @executable_path/Frameworks @loader_path/Frameworks";
				PRODUCT_BUNDLE_IDENTIFIER = com.bws.BWiOSProjectFrameworkUITests;
				PRODUCT_NAME = "$(TARGET_NAME)";
				TEST_TARGET_NAME = BWiOSProjectFramework;
			};
			name = Debug;
		};
		B46076F21DF01DD200C8472F /* Release */ = {
			isa = XCBuildConfiguration;
			baseConfigurationReference = 94A58125981BAE45307E12C0 /* Pods-BWiOSProjectFrameworkUITests.release.xcconfig */;
			buildSettings = {
				DEVELOPMENT_TEAM = V3E8GUFW32;
				INFOPLIST_FILE = BWiOSProjectFrameworkUITests/Info.plist;
				LD_RUNPATH_SEARCH_PATHS = "$(inherited) @executable_path/Frameworks @loader_path/Frameworks";
				PRODUCT_BUNDLE_IDENTIFIER = com.bws.BWiOSProjectFrameworkUITests;
				PRODUCT_NAME = "$(TARGET_NAME)";
				TEST_TARGET_NAME = BWiOSProjectFramework;
			};
			name = Release;
		};
/* End XCBuildConfiguration section */

/* Begin XCConfigurationList section */
		B46076B81DF01DD200C8472F /* Build configuration list for PBXProject "BWiOSProjectFramework" */ = {
			isa = XCConfigurationList;
			buildConfigurations = (
				B46076E81DF01DD200C8472F /* Debug */,
				B46076E91DF01DD200C8472F /* Release */,
			);
			defaultConfigurationIsVisible = 0;
			defaultConfigurationName = Release;
		};
		B46076EA1DF01DD200C8472F /* Build configuration list for PBXNativeTarget "BWiOSProjectFramework" */ = {
			isa = XCConfigurationList;
			buildConfigurations = (
				B46076EB1DF01DD200C8472F /* Debug */,
				B46076EC1DF01DD200C8472F /* Release */,
			);
			defaultConfigurationIsVisible = 0;
			defaultConfigurationName = Release;
		};
		B46076ED1DF01DD200C8472F /* Build configuration list for PBXNativeTarget "BWiOSProjectFrameworkTests" */ = {
			isa = XCConfigurationList;
			buildConfigurations = (
				B46076EE1DF01DD200C8472F /* Debug */,
				B46076EF1DF01DD200C8472F /* Release */,
			);
			defaultConfigurationIsVisible = 0;
			defaultConfigurationName = Release;
		};
		B46076F01DF01DD200C8472F /* Build configuration list for PBXNativeTarget "BWiOSProjectFrameworkUITests" */ = {
			isa = XCConfigurationList;
			buildConfigurations = (
				B46076F11DF01DD200C8472F /* Debug */,
				B46076F21DF01DD200C8472F /* Release */,
			);
			defaultConfigurationIsVisible = 0;
			defaultConfigurationName = Release;
		};
/* End XCConfigurationList section */
	};
	rootObject = B46076B51DF01DD200C8472F /* Project object */;
}
